{
	"name": "h3nti3stools",
	"lockfileVersion": 3,
	"requires": true,
	"packages": {
		"": {
			"name": "h3nti3stools",
			"dependencies": {
				"@zip.js/zip.js": "^2.6.81"
			},
			"devDependencies": {
				"@total-typescript/ts-reset": "^0.4.2",
				"@types/chrome": ">=0.0.228",
				"typescript": "^5.0.2"
			}
		},
		"node_modules/@total-typescript/ts-reset": {
			"version": "0.4.2",
			"resolved": "https://registry.npmjs.org/@total-typescript/ts-reset/-/ts-reset-0.4.2.tgz",
			"integrity": "sha512-vqd7ZUDSrXFVT1n8b2kc3LnklncDQFPvR58yUS1kEP23/nHPAO9l1lMjUfnPrXYYk4Hj54rrLKMW5ipwk7k09A==",
			"dev": true
		},
		"node_modules/@types/chrome": {
			"version": "0.0.228",
			"resolved": "https://registry.npmjs.org/@types/chrome/-/chrome-0.0.228.tgz",
			"integrity": "sha512-rDmyVEF+l9H+6FQYqsEGqQOjBw/uaSx6KJ6o47FwbQmPPcskmt8XlPbKjy5KeQXU3ZLiV2x45Fk4kdtRMSghfQ==",
			"dev": true,
			"dependencies": {
				"@types/filesystem": "*",
				"@types/har-format": "*"
			}
		},
		"node_modules/@types/filesystem": {
			"version": "0.0.32",
			"resolved": "https://registry.npmjs.org/@types/filesystem/-/filesystem-0.0.32.tgz",
			"integrity": "sha512-Yuf4jR5YYMR2DVgwuCiP11s0xuVRyPKmz8vo6HBY3CGdeMj8af93CFZX+T82+VD1+UqHOxTq31lO7MI7lepBtQ==",
			"dev": true,
			"dependencies": {
				"@types/filewriter": "*"
			}
		},
		"node_modules/@types/filewriter": {
			"version": "0.0.29",
			"resolved": "https://registry.npmjs.org/@types/filewriter/-/filewriter-0.0.29.tgz",
			"integrity": "sha512-BsPXH/irW0ht0Ji6iw/jJaK8Lj3FJemon2gvEqHKpCdDCeemHa+rI3WBGq5z7cDMZgoLjY40oninGxqk+8NzNQ==",
			"dev": true
		},
		"node_modules/@types/har-format": {
			"version": "1.2.10",
			"resolved": "https://registry.npmjs.org/@types/har-format/-/har-format-1.2.10.tgz",
			"integrity": "sha512-o0J30wqycjF5miWDKYKKzzOU1ZTLuA42HZ4HE7/zqTOc/jTLdQ5NhYWvsRQo45Nfi1KHoRdNhteSI4BAxTF1Pg==",
			"dev": true
		},
		"node_modules/@zip.js/zip.js": {
			"version": "2.6.81",
			"resolved": "https://registry.npmjs.org/@zip.js/zip.js/-/zip.js-2.6.81.tgz",
			"integrity": "sha512-VXrwa5fthYq74sIZsHarCFVSwnKdispTd/WQBgcNEuB9X0N3L5s8odRCjx9Zw6XsvpG5krqB4ZN4X0lLMyjgDA==",
			"engines": {
				"deno": ">=1.0.0",
				"node": ">=16.5.0"
			}
		},
		"node_modules/typescript": {
			"version": "5.0.2",
			"resolved": "https://registry.npmjs.org/typescript/-/typescript-5.0.2.tgz",
			"integrity": "sha512-wVORMBGO/FAs/++blGNeAVdbNKtIh1rbBL2EyQ1+J9lClJ93KiiKe8PmFIVdXhHcyv44SL9oglmfeSsndo0jRw==",
			"dev": true,
			"bin": {
				"tsc": "bin/tsc",
				"tsserver": "bin/tsserver"
			},
			"engines": {
				"node": ">=12.20"
			}
		}
	}
}
